
Microsoft Visual Studio Solution File, Format Version 10.00
# Visual Studio 2008
Project("{FAE04EC0-301F-11D3-BF4B-00C04F79EFBC}") = "Web", "Web\Web.csproj", "{FB45276C-9475-46F6-A4FA-1A78ECC270BC}"
EndProject
Global
	GlobalSection(SolutionConfigurationPlatforms) = preSolution
		Debug|Any CPU = Debug|Any CPU
		Release|Any CPU = Release|Any CPU
	EndGlobalSection
	GlobalSection(ProjectConfigurationPlatforms) = postSolution
		{FB45276C-9475-46F6-A4FA-1A78ECC270BC}.Debug|Any CPU.ActiveCfg = Debug|Any CPU
		{FB45276C-9475-46F6-A4FA-1A78ECC270BC}.Debug|Any CPU.Build.0 = Debug|Any CPU
		{FB45276C-9475-46F6-A4FA-1A78ECC270BC}.Release|Any CPU.ActiveCfg = Release|Any CPU
		{FB45276C-9475-46F6-A4FA-1A78ECC270BC}.Release|Any CPU.Build.0 = Release|Any CPU
	EndGlobalSection
	GlobalSection(MonoDevelopProperties) = preSolution
		StartupItem = Web\Web.csproj
		Policies = $0
		$0.DotNetNamingPolicy = $1
		$1.DirectoryNamespaceAssociation = PrefixedHierarchical
		$1.ResourceNamePolicy = FileName
	EndGlobalSection
EndGlobal
